
Microsoft Visual Studio Solution File, Format Version 12.00
# Visual Studio Version 17
VisualStudioVersion = 17.4.33213.308
MinimumVisualStudioVersion = 10.0.40219.1
Project("{FAE04EC0-301F-11D3-BF4B-00C04F79EFBC}") = "Practica 4.8 - Repaso - Ejercicio 3", "Practica 4.8 - Repaso - Ejercicio 3\Practica 4.8 - Repaso - Ejercicio 3.csproj", "{E2786B63-3B40-4728-8153-B8E31C92C6D0}"
EndProject
Global
	GlobalSection(SolutionConfigurationPlatforms) = preSolution
		Debug|Any CPU = Debug|Any CPU
		Release|Any CPU = Release|Any CPU
	EndGlobalSection
	GlobalSection(ProjectConfigurationPlatforms) = postSolution
		{E2786B63-3B40-4728-8153-B8E31C92C6D0}.Debug|Any CPU.ActiveCfg = Debug|Any CPU
		{E2786B63-3B40-4728-8153-B8E31C92C6D0}.Debug|Any CPU.Build.0 = Debug|Any CPU
		{E2786B63-3B40-4728-8153-B8E31C92C6D0}.Release|Any CPU.ActiveCfg = Release|Any CPU
		{E2786B63-3B40-4728-8153-B8E31C92C6D0}.Release|Any CPU.Build.0 = Release|Any CPU
	EndGlobalSection
	GlobalSection(SolutionProperties) = preSolution
		HideSolutionNode = FALSE
	EndGlobalSection
	GlobalSection(ExtensibilityGlobals) = postSolution
		SolutionGuid = {9F478087-ABEC-4E07-9890-7C207C805EDF}
	EndGlobalSection
EndGlobal
