
Microsoft Visual Studio Solution File, Format Version 12.00
# Visual Studio Version 17
VisualStudioVersion = 17.4.33213.308
MinimumVisualStudioVersion = 10.0.40219.1
Project("{FAE04EC0-301F-11D3-BF4B-00C04F79EFBC}") = "Practica1Fuentes", "Practica1Fuentes\Practica1Fuentes.csproj", "{981CEA1F-C86D-41C6-9340-53AEE6EF1D5E}"
EndProject
Global
	GlobalSection(SolutionConfigurationPlatforms) = preSolution
		Debug|Any CPU = Debug|Any CPU
		Release|Any CPU = Release|Any CPU
	EndGlobalSection
	GlobalSection(ProjectConfigurationPlatforms) = postSolution
		{981CEA1F-C86D-41C6-9340-53AEE6EF1D5E}.Debug|Any CPU.ActiveCfg = Debug|Any CPU
		{981CEA1F-C86D-41C6-9340-53AEE6EF1D5E}.Debug|Any CPU.Build.0 = Debug|Any CPU
		{981CEA1F-C86D-41C6-9340-53AEE6EF1D5E}.Release|Any CPU.ActiveCfg = Release|Any CPU
		{981CEA1F-C86D-41C6-9340-53AEE6EF1D5E}.Release|Any CPU.Build.0 = Release|Any CPU
	EndGlobalSection
	GlobalSection(SolutionProperties) = preSolution
		HideSolutionNode = FALSE
	EndGlobalSection
	GlobalSection(ExtensibilityGlobals) = postSolution
		SolutionGuid = {39C3CB21-E413-43D1-9AC0-89440EAB998C}
	EndGlobalSection
EndGlobal
