
Microsoft Visual Studio Solution File, Format Version 12.00
# Visual Studio Version 17
VisualStudioVersion = 17.4.33213.308
MinimumVisualStudioVersion = 10.0.40219.1
Project("{FAE04EC0-301F-11D3-BF4B-00C04F79EFBC}") = "Ejer4.4.2", "Ejer4.4.2\Ejer4.4.2.csproj", "{475320B2-2AA9-4094-A98C-E0F658E2F8CF}"
EndProject
Global
	GlobalSection(SolutionConfigurationPlatforms) = preSolution
		Debug|Any CPU = Debug|Any CPU
		Release|Any CPU = Release|Any CPU
	EndGlobalSection
	GlobalSection(ProjectConfigurationPlatforms) = postSolution
		{475320B2-2AA9-4094-A98C-E0F658E2F8CF}.Debug|Any CPU.ActiveCfg = Debug|Any CPU
		{475320B2-2AA9-4094-A98C-E0F658E2F8CF}.Debug|Any CPU.Build.0 = Debug|Any CPU
		{475320B2-2AA9-4094-A98C-E0F658E2F8CF}.Release|Any CPU.ActiveCfg = Release|Any CPU
		{475320B2-2AA9-4094-A98C-E0F658E2F8CF}.Release|Any CPU.Build.0 = Release|Any CPU
	EndGlobalSection
	GlobalSection(SolutionProperties) = preSolution
		HideSolutionNode = FALSE
	EndGlobalSection
	GlobalSection(ExtensibilityGlobals) = postSolution
		SolutionGuid = {484A3EB3-AAB2-482E-B620-C4056C154223}
	EndGlobalSection
EndGlobal
