
Microsoft Visual Studio Solution File, Format Version 12.00
# Visual Studio Version 17
VisualStudioVersion = 17.4.33213.308
MinimumVisualStudioVersion = 10.0.40219.1
Project("{FAE04EC0-301F-11D3-BF4B-00C04F79EFBC}") = "Practica 4.7 - Ejercicio 3", "Practica 4.7 - Ejercicio 3\Practica 4.7 - Ejercicio 3.csproj", "{7157FB7F-94CD-432B-8DFC-92956A61A1A6}"
EndProject
Global
	GlobalSection(SolutionConfigurationPlatforms) = preSolution
		Debug|Any CPU = Debug|Any CPU
		Release|Any CPU = Release|Any CPU
	EndGlobalSection
	GlobalSection(ProjectConfigurationPlatforms) = postSolution
		{7157FB7F-94CD-432B-8DFC-92956A61A1A6}.Debug|Any CPU.ActiveCfg = Debug|Any CPU
		{7157FB7F-94CD-432B-8DFC-92956A61A1A6}.Debug|Any CPU.Build.0 = Debug|Any CPU
		{7157FB7F-94CD-432B-8DFC-92956A61A1A6}.Release|Any CPU.ActiveCfg = Release|Any CPU
		{7157FB7F-94CD-432B-8DFC-92956A61A1A6}.Release|Any CPU.Build.0 = Release|Any CPU
	EndGlobalSection
	GlobalSection(SolutionProperties) = preSolution
		HideSolutionNode = FALSE
	EndGlobalSection
	GlobalSection(ExtensibilityGlobals) = postSolution
		SolutionGuid = {798EECBC-8C9E-47CC-AC20-F2843E91AC7F}
	EndGlobalSection
EndGlobal
