
Microsoft Visual Studio Solution File, Format Version 12.00
# Visual Studio Version 17
VisualStudioVersion = 17.4.33213.308
MinimumVisualStudioVersion = 10.0.40219.1
Project("{FAE04EC0-301F-11D3-BF4B-00C04F79EFBC}") = "Practica 4.6 Ficheros - Ejercicio 2", "Practica 4.6 Ficheros - Ejercicio 2\Practica 4.6 Ficheros - Ejercicio 2.csproj", "{92B2459B-9D52-489E-A367-910BC2B43D96}"
EndProject
Global
	GlobalSection(SolutionConfigurationPlatforms) = preSolution
		Debug|Any CPU = Debug|Any CPU
		Release|Any CPU = Release|Any CPU
	EndGlobalSection
	GlobalSection(ProjectConfigurationPlatforms) = postSolution
		{92B2459B-9D52-489E-A367-910BC2B43D96}.Debug|Any CPU.ActiveCfg = Debug|Any CPU
		{92B2459B-9D52-489E-A367-910BC2B43D96}.Debug|Any CPU.Build.0 = Debug|Any CPU
		{92B2459B-9D52-489E-A367-910BC2B43D96}.Release|Any CPU.ActiveCfg = Release|Any CPU
		{92B2459B-9D52-489E-A367-910BC2B43D96}.Release|Any CPU.Build.0 = Release|Any CPU
	EndGlobalSection
	GlobalSection(SolutionProperties) = preSolution
		HideSolutionNode = FALSE
	EndGlobalSection
	GlobalSection(ExtensibilityGlobals) = postSolution
		SolutionGuid = {00FD0260-9D28-448C-AE5E-34567CA03567}
	EndGlobalSection
EndGlobal
